<?xml version="1.0" encoding="utf-8"?>
<Project ToolsVersion="4.0" xmlns="http://schemas.microsoft.com/developer/msbuild/2003">
  <ItemGroup>
    <Filter Include="Source Files">
      <UniqueIdentifier>{9566BF65-7B30-4D6B-A4DF-75679EAE66F5}</UniqueIdentifier>
      <Extensions>cpp;c;cc;cxx;def;odl;idl;hpj;bat;asm;asmx</Extensions>
    </Filter>
    <Filter Include="Header Files">
      <UniqueIdentifier>{6946B4C4-3062-4393-AEEE-3A18B480A010}</UniqueIdentifier>
      <Extensions>h;hpp;hxx;hm;inl;inc;xsd</Extensions>
    </Filter>
    <Filter Include="Resources">
      <UniqueIdentifier>{68AC7B87-7D19-4823-967D-26E5B6FC9BC7}</UniqueIdentifier>
    </Filter>
  </ItemGroup>
  <ItemGroup>
    <ClCompile Include="plugin.cpp">
      <Filter>Source Files</Filter>
    </ClCompile>
    <ClCompile Include="RackAFXDLL.cpp">
      <Filter>Source Files</Filter>
    </ClCompile>
    <ClCompile Include="VolumeTest.cpp">
      <Filter>Source Files</Filter>
    </ClCompile>
    <ClCompile Include="pluginobjects.cpp">
      <Filter>Source Files</Filter>
    </ClCompile>
  </ItemGroup>
  <ItemGroup>
    <ClInclude Include="plugin.h">
      <Filter>Header Files</Filter>
    </ClInclude>
    <ClInclude Include="pluginconstants.h">
      <Filter>Header Files</Filter>
    </ClInclude>
    <ClInclude Include="RackAFXDLL.h">
      <Filter>Header Files</Filter>
    </ClInclude>
    <ClInclude Include="VolumeTest.h">
      <Filter>Header Files</Filter>
    </ClInclude>
    <ClInclude Include="resource.h">
      <Filter>Resources</Filter>
    </ClInclude>
  </ItemGroup>
  <ItemGroup>
    <Image Include="resources\knobvst.png">
      <Filter>Resources</Filter>
    </Image>
  </ItemGroup>
  <ItemGroup>
    <ResourceCompile Include="VolumeTest.rc">
      <Filter>Resources</Filter>
    </ResourceCompile>
  </ItemGroup>
  <ItemGroup>
    <None Include="RackAFX.uidesc">
      <Filter>Resources</Filter>
    </None>
  </ItemGroup>
</Project>